
Microsoft Visual Studio Solution File, Format Version 12.00
# Visual Studio Version 16
VisualStudioVersion = 16.0.29709.97
MinimumVisualStudioVersion = 10.0.40219.1
Project("{9A19103F-16F7-4668-BE54-9A1E7A4F7556}") = "DesignPatterns", "DesignPatterns\DesignPatterns.csproj", "{8037AAE1-D3C2-4E82-AF73-2071F3765805}"
EndProject
Project("{9A19103F-16F7-4668-BE54-9A1E7A4F7556}") = "DesignPatterns.Singleton", "..\DesignPatterns.Singleton\DesignPatterns.Singleton.csproj", "{77FE0707-6C30-4F12-AE0B-49F9CA66AD63}"
EndProject
Project("{9A19103F-16F7-4668-BE54-9A1E7A4F7556}") = "DesignPatterns.Factory", "..\DesignPatterns.Factory\DesignPatterns.Factory.csproj", "{A8D97F3C-C9BC-4F8B-9652-67F74A70AFC9}"
EndProject
Project("{FAE04EC0-301F-11D3-BF4B-00C04F79EFBC}") = "DesignPatterns.MutexDemo", "DesignPatterns.Mutex\DesignPatterns.MutexDemo.csproj", "{30BDAB6A-8452-4ECB-A478-A4A6C152D004}"
EndProject
Global
	GlobalSection(SolutionConfigurationPlatforms) = preSolution
		Debug|Any CPU = Debug|Any CPU
		Release|Any CPU = Release|Any CPU
	EndGlobalSection
	GlobalSection(ProjectConfigurationPlatforms) = postSolution
		{8037AAE1-D3C2-4E82-AF73-2071F3765805}.Debug|Any CPU.ActiveCfg = Debug|Any CPU
		{8037AAE1-D3C2-4E82-AF73-2071F3765805}.Debug|Any CPU.Build.0 = Debug|Any CPU
		{8037AAE1-D3C2-4E82-AF73-2071F3765805}.Release|Any CPU.ActiveCfg = Release|Any CPU
		{8037AAE1-D3C2-4E82-AF73-2071F3765805}.Release|Any CPU.Build.0 = Release|Any CPU
		{77FE0707-6C30-4F12-AE0B-49F9CA66AD63}.Debug|Any CPU.ActiveCfg = Debug|Any CPU
		{77FE0707-6C30-4F12-AE0B-49F9CA66AD63}.Debug|Any CPU.Build.0 = Debug|Any CPU
		{77FE0707-6C30-4F12-AE0B-49F9CA66AD63}.Release|Any CPU.ActiveCfg = Release|Any CPU
		{77FE0707-6C30-4F12-AE0B-49F9CA66AD63}.Release|Any CPU.Build.0 = Release|Any CPU
		{A8D97F3C-C9BC-4F8B-9652-67F74A70AFC9}.Debug|Any CPU.ActiveCfg = Debug|Any CPU
		{A8D97F3C-C9BC-4F8B-9652-67F74A70AFC9}.Debug|Any CPU.Build.0 = Debug|Any CPU
		{A8D97F3C-C9BC-4F8B-9652-67F74A70AFC9}.Release|Any CPU.ActiveCfg = Release|Any CPU
		{A8D97F3C-C9BC-4F8B-9652-67F74A70AFC9}.Release|Any CPU.Build.0 = Release|Any CPU
		{30BDAB6A-8452-4ECB-A478-A4A6C152D004}.Debug|Any CPU.ActiveCfg = Debug|Any CPU
		{30BDAB6A-8452-4ECB-A478-A4A6C152D004}.Debug|Any CPU.Build.0 = Debug|Any CPU
		{30BDAB6A-8452-4ECB-A478-A4A6C152D004}.Release|Any CPU.ActiveCfg = Release|Any CPU
		{30BDAB6A-8452-4ECB-A478-A4A6C152D004}.Release|Any CPU.Build.0 = Release|Any CPU
	EndGlobalSection
	GlobalSection(SolutionProperties) = preSolution
		HideSolutionNode = FALSE
	EndGlobalSection
	GlobalSection(ExtensibilityGlobals) = postSolution
		SolutionGuid = {14189980-E124-4DA3-AB3D-BA7D1583D6C1}
	EndGlobalSection
EndGlobal
